// !$*UTF8*$!
{
	archiveVersion = 1;
	classes = {
	};
	objectVersion = 50;
	objects = {

/* Begin PBXBuildFile section */
		4F2FDC81258995A200F1A022 /* ConstraintViewController.swift in Sources */ = {isa = PBXBuildFile; fileRef = 4F2FDC80258995A200F1A022 /* ConstraintViewController.swift */; };
		4F2FDC8525899BD400F1A022 /* CollectionViewController.swift in Sources */ = {isa = PBXBuildFile; fileRef = 4F2FDC8425899BD400F1A022 /* CollectionViewController.swift */; };
		4F2FDC8925899D2E00F1A022 /* MainViewController.swift in Sources */ = {isa = PBXBuildFile; fileRef = 4F2FDC8825899D2E00F1A022 /* MainViewController.swift */; };
		4F2FDC992589A49000F1A022 /* MyTableViewController.swift in Sources */ = {isa = PBXBuildFile; fileRef = 4F2FDC982589A49000F1A022 /* MyTableViewController.swift */; };
		4F2FDC9C2589A4EF00F1A022 /* MyTableCell.xib in Resources */ = {isa = PBXBuildFile; fileRef = 4F2FDC9B2589A4EF00F1A022 /* MyTableCell.xib */; };
		4F2FDC9F2589A59500F1A022 /* MyTableCell.swift in Sources */ = {isa = PBXBuildFile; fileRef = 4F2FDC9E2589A59500F1A022 /* MyTableCell.swift */; };
		4F2FDCA22589AF4900F1A022 /* MyCollectionCell.swift in Sources */ = {isa = PBXBuildFile; fileRef = 4F2FDCA12589AF4900F1A022 /* MyCollectionCell.swift */; };
		4F65DE2725889FC000BEE1C8 /* AppDelegate.swift in Sources */ = {isa = PBXBuildFile; fileRef = 4F65DE2625889FC000BEE1C8 /* AppDelegate.swift */; };
		4F65DE2925889FC000BEE1C8 /* SceneDelegate.swift in Sources */ = {isa = PBXBuildFile; fileRef = 4F65DE2825889FC000BEE1C8 /* SceneDelegate.swift */; };
		4F65DE2B25889FC000BEE1C8 /* ViewController.swift in Sources */ = {isa = PBXBuildFile; fileRef = 4F65DE2A25889FC000BEE1C8 /* ViewController.swift */; };
		4F65DE2E25889FC000BEE1C8 /* Main.storyboard in Resources */ = {isa = PBXBuildFile; fileRef = 4F65DE2C25889FC000BEE1C8 /* Main.storyboard */; };
		4F65DE3025889FC400BEE1C8 /* Assets.xcassets in Resources */ = {isa = PBXBuildFile; fileRef = 4F65DE2F25889FC400BEE1C8 /* Assets.xcassets */; };
		4F65DE3325889FC400BEE1C8 /* LaunchScreen.storyboard in Resources */ = {isa = PBXBuildFile; fileRef = 4F65DE3125889FC400BEE1C8 /* LaunchScreen.storyboard */; };
		4F65DE3C2588A10A00BEE1C8 /* PostCell.xib in Resources */ = {isa = PBXBuildFile; fileRef = 4F65DE3B2588A10A00BEE1C8 /* PostCell.xib */; };
		4F65DE3F2588A12600BEE1C8 /* PostViewController.swift in Sources */ = {isa = PBXBuildFile; fileRef = 4F65DE3E2588A12600BEE1C8 /* PostViewController.swift */; };
		4F65DE452588A63700BEE1C8 /* PostCell.swift in Sources */ = {isa = PBXBuildFile; fileRef = 4F65DE442588A63700BEE1C8 /* PostCell.swift */; };
		4F65DE492588AE7B00BEE1C8 /* DialViewController.swift in Sources */ = {isa = PBXBuildFile; fileRef = 4F65DE482588AE7A00BEE1C8 /* DialViewController.swift */; };
		4F65DE4E2588BCC800BEE1C8 /* CodeViewController.swift in Sources */ = {isa = PBXBuildFile; fileRef = 4F65DE4D2588BCC800BEE1C8 /* CodeViewController.swift */; };
		4F65DE522588C37400BEE1C8 /* CircleView.swift in Sources */ = {isa = PBXBuildFile; fileRef = 4F65DE512588C37400BEE1C8 /* CircleView.swift */; };
/* End PBXBuildFile section */

/* Begin PBXFileReference section */
		4F2FDC80258995A200F1A022 /* ConstraintViewController.swift */ = {isa = PBXFileReference; lastKnownFileType = sourcecode.swift; path = ConstraintViewController.swift; sourceTree = "<group>"; };
		4F2FDC8425899BD400F1A022 /* CollectionViewController.swift */ = {isa = PBXFileReference; lastKnownFileType = sourcecode.swift; path = CollectionViewController.swift; sourceTree = "<group>"; };
		4F2FDC8825899D2E00F1A022 /* MainViewController.swift */ = {isa = PBXFileReference; lastKnownFileType = sourcecode.swift; path = MainViewController.swift; sourceTree = "<group>"; };
		4F2FDC982589A49000F1A022 /* MyTableViewController.swift */ = {isa = PBXFileReference; lastKnownFileType = sourcecode.swift; path = MyTableViewController.swift; sourceTree = "<group>"; };
		4F2FDC9B2589A4EF00F1A022 /* MyTableCell.xib */ = {isa = PBXFileReference; lastKnownFileType = file.xib; path = MyTableCell.xib; sourceTree = "<group>"; };
		4F2FDC9E2589A59500F1A022 /* MyTableCell.swift */ = {isa = PBXFileReference; lastKnownFileType = sourcecode.swift; path = MyTableCell.swift; sourceTree = "<group>"; };
		4F2FDCA12589AF4900F1A022 /* MyCollectionCell.swift */ = {isa = PBXFileReference; lastKnownFileType = sourcecode.swift; path = MyCollectionCell.swift; sourceTree = "<group>"; };
		4F65DE2325889FC000BEE1C8 /* AutolayoutStudy.app */ = {isa = PBXFileReference; explicitFileType = wrapper.application; includeInIndex = 0; path = AutolayoutStudy.app; sourceTree = BUILT_PRODUCTS_DIR; };
		4F65DE2625889FC000BEE1C8 /* AppDelegate.swift */ = {isa = PBXFileReference; lastKnownFileType = sourcecode.swift; path = AppDelegate.swift; sourceTree = "<group>"; };
		4F65DE2825889FC000BEE1C8 /* SceneDelegate.swift */ = {isa = PBXFileReference; lastKnownFileType = sourcecode.swift; path = SceneDelegate.swift; sourceTree = "<group>"; };
		4F65DE2A25889FC000BEE1C8 /* ViewController.swift */ = {isa = PBXFileReference; lastKnownFileType = sourcecode.swift; path = ViewController.swift; sourceTree = "<group>"; };
		4F65DE2D25889FC000BEE1C8 /* Base */ = {isa = PBXFileReference; lastKnownFileType = file.storyboard; name = Base; path = Base.lproj/Main.storyboard; sourceTree = "<group>"; };
		4F65DE2F25889FC400BEE1C8 /* Assets.xcassets */ = {isa = PBXFileReference; lastKnownFileType = folder.assetcatalog; path = Assets.xcassets; sourceTree = "<group>"; };
		4F65DE3225889FC400BEE1C8 /* Base */ = {isa = PBXFileReference; lastKnownFileType = file.storyboard; name = Base; path = Base.lproj/LaunchScreen.storyboard; sourceTree = "<group>"; };
		4F65DE3425889FC400BEE1C8 /* Info.plist */ = {isa = PBXFileReference; lastKnownFileType = text.plist.xml; path = Info.plist; sourceTree = "<group>"; };
		4F65DE3B2588A10A00BEE1C8 /* PostCell.xib */ = {isa = PBXFileReference; lastKnownFileType = file.xib; path = PostCell.xib; sourceTree = "<group>"; };
		4F65DE3E2588A12600BEE1C8 /* PostViewController.swift */ = {isa = PBXFileReference; lastKnownFileType = sourcecode.swift; path = PostViewController.swift; sourceTree = "<group>"; };
		4F65DE442588A63700BEE1C8 /* PostCell.swift */ = {isa = PBXFileReference; lastKnownFileType = sourcecode.swift; path = PostCell.swift; sourceTree = "<group>"; };
		4F65DE482588AE7A00BEE1C8 /* DialViewController.swift */ = {isa = PBXFileReference; lastKnownFileType = sourcecode.swift; path = DialViewController.swift; sourceTree = "<group>"; };
		4F65DE4D2588BCC800BEE1C8 /* CodeViewController.swift */ = {isa = PBXFileReference; lastKnownFileType = sourcecode.swift; path = CodeViewController.swift; sourceTree = "<group>"; };
		4F65DE512588C37400BEE1C8 /* CircleView.swift */ = {isa = PBXFileReference; lastKnownFileType = sourcecode.swift; path = CircleView.swift; sourceTree = "<group>"; };
/* End PBXFileReference section */

/* Begin PBXFrameworksBuildPhase section */
		4F65DE2025889FC000BEE1C8 /* Frameworks */ = {
			isa = PBXFrameworksBuildPhase;
			buildActionMask = 2147483647;
			files = (
			);
			runOnlyForDeploymentPostprocessing = 0;
		};
/* End PBXFrameworksBuildPhase section */

/* Begin PBXGroup section */
		4F2FDC7F2589958E00F1A022 /* AutolayoutConstraint */ = {
			isa = PBXGroup;
			children = (
				4F2FDC80258995A200F1A022 /* ConstraintViewController.swift */,
			);
			path = AutolayoutConstraint;
			sourceTree = "<group>";
		};
		4F2FDC8325899BBD00F1A022 /* CollectionView */ = {
			isa = PBXGroup;
			children = (
				4F2FDC8425899BD400F1A022 /* CollectionViewController.swift */,
				4F2FDC8825899D2E00F1A022 /* MainViewController.swift */,
				4F2FDC982589A49000F1A022 /* MyTableViewController.swift */,
				4F2FDC9B2589A4EF00F1A022 /* MyTableCell.xib */,
				4F2FDC9E2589A59500F1A022 /* MyTableCell.swift */,
				4F2FDCA12589AF4900F1A022 /* MyCollectionCell.swift */,
			);
			path = CollectionView;
			sourceTree = "<group>";
		};
		4F65DE1A25889FC000BEE1C8 = {
			isa = PBXGroup;
			children = (
				4F65DE2525889FC000BEE1C8 /* AutolayoutStudy */,
				4F65DE2425889FC000BEE1C8 /* Products */,
			);
			sourceTree = "<group>";
		};
		4F65DE2425889FC000BEE1C8 /* Products */ = {
			isa = PBXGroup;
			children = (
				4F65DE2325889FC000BEE1C8 /* AutolayoutStudy.app */,
			);
			name = Products;
			sourceTree = "<group>";
		};
		4F65DE2525889FC000BEE1C8 /* AutolayoutStudy */ = {
			isa = PBXGroup;
			children = (
				4F2FDC8325899BBD00F1A022 /* CollectionView */,
				4F2FDC7F2589958E00F1A022 /* AutolayoutConstraint */,
				4F65DE4C2588BCA100BEE1C8 /* Autolayout(Code ver.) */,
				4F65DE472588AE6300BEE1C8 /* DialView */,
				4F65DE412588A4A600BEE1C8 /* DynamicCellView */,
				4F65DE2625889FC000BEE1C8 /* AppDelegate.swift */,
				4F65DE2825889FC000BEE1C8 /* SceneDelegate.swift */,
				4F65DE2A25889FC000BEE1C8 /* ViewController.swift */,
				4F65DE2C25889FC000BEE1C8 /* Main.storyboard */,
				4F65DE2F25889FC400BEE1C8 /* Assets.xcassets */,
				4F65DE3125889FC400BEE1C8 /* LaunchScreen.storyboard */,
				4F65DE3425889FC400BEE1C8 /* Info.plist */,
			);
			path = AutolayoutStudy;
			sourceTree = "<group>";
		};
		4F65DE412588A4A600BEE1C8 /* DynamicCellView */ = {
			isa = PBXGroup;
			children = (
				4F65DE3B2588A10A00BEE1C8 /* PostCell.xib */,
				4F65DE3E2588A12600BEE1C8 /* PostViewController.swift */,
				4F65DE442588A63700BEE1C8 /* PostCell.swift */,
			);
			path = DynamicCellView;
			sourceTree = "<group>";
		};
		4F65DE472588AE6300BEE1C8 /* DialView */ = {
			isa = PBXGroup;
			children = (
				4F65DE482588AE7A00BEE1C8 /* DialViewController.swift */,
			);
			path = DialView;
			sourceTree = "<group>";
		};
		4F65DE4C2588BCA100BEE1C8 /* Autolayout(Code ver.) */ = {
			isa = PBXGroup;
			children = (
				4F65DE4D2588BCC800BEE1C8 /* CodeViewController.swift */,
				4F65DE512588C37400BEE1C8 /* CircleView.swift */,
			);
			path = "Autolayout(Code ver.)";
			sourceTree = "<group>";
		};
/* End PBXGroup section */

/* Begin PBXNativeTarget section */
		4F65DE2225889FC000BEE1C8 /* AutolayoutStudy */ = {
			isa = PBXNativeTarget;
			buildConfigurationList = 4F65DE3725889FC400BEE1C8 /* Build configuration list for PBXNativeTarget "AutolayoutStudy" */;
			buildPhases = (
				4F65DE1F25889FC000BEE1C8 /* Sources */,
				4F65DE2025889FC000BEE1C8 /* Frameworks */,
				4F65DE2125889FC000BEE1C8 /* Resources */,
			);
			buildRules = (
			);
			dependencies = (
			);
			name = AutolayoutStudy;
			productName = AutolayoutStudy;
			productReference = 4F65DE2325889FC000BEE1C8 /* AutolayoutStudy.app */;
			productType = "com.apple.product-type.application";
		};
/* End PBXNativeTarget section */

/* Begin PBXProject section */
		4F65DE1B25889FC000BEE1C8 /* Project object */ = {
			isa = PBXProject;
			attributes = {
				LastSwiftUpdateCheck = 1220;
				LastUpgradeCheck = 1220;
				TargetAttributes = {
					4F65DE2225889FC000BEE1C8 = {
						CreatedOnToolsVersion = 12.2;
					};
				};
			};
			buildConfigurationList = 4F65DE1E25889FC000BEE1C8 /* Build configuration list for PBXProject "AutolayoutStudy" */;
			compatibilityVersion = "Xcode 9.3";
			developmentRegion = en;
			hasScannedForEncodings = 0;
			knownRegions = (
				en,
				Base,
			);
			mainGroup = 4F65DE1A25889FC000BEE1C8;
			productRefGroup = 4F65DE2425889FC000BEE1C8 /* Products */;
			projectDirPath = "";
			projectRoot = "";
			targets = (
				4F65DE2225889FC000BEE1C8 /* AutolayoutStudy */,
			);
		};
/* End PBXProject section */

/* Begin PBXResourcesBuildPhase section */
		4F65DE2125889FC000BEE1C8 /* Resources */ = {
			isa = PBXResourcesBuildPhase;
			buildActionMask = 2147483647;
			files = (
				4F65DE3325889FC400BEE1C8 /* LaunchScreen.storyboard in Resources */,
				4F2FDC9C2589A4EF00F1A022 /* MyTableCell.xib in Resources */,
				4F65DE3025889FC400BEE1C8 /* Assets.xcassets in Resources */,
				4F65DE2E25889FC000BEE1C8 /* Main.storyboard in Resources */,
				4F65DE3C2588A10A00BEE1C8 /* PostCell.xib in Resources */,
			);
			runOnlyForDeploymentPostprocessing = 0;
		};
/* End PBXResourcesBuildPhase section */

/* Begin PBXSourcesBuildPhase section */
		4F65DE1F25889FC000BEE1C8 /* Sources */ = {
			isa = PBXSourcesBuildPhase;
			buildActionMask = 2147483647;
			files = (
				4F65DE522588C37400BEE1C8 /* CircleView.swift in Sources */,
				4F2FDC8925899D2E00F1A022 /* MainViewController.swift in Sources */,
				4F65DE3F2588A12600BEE1C8 /* PostViewController.swift in Sources */,
				4F65DE4E2588BCC800BEE1C8 /* CodeViewController.swift in Sources */,
				4F2FDC81258995A200F1A022 /* ConstraintViewController.swift in Sources */,
				4F2FDC8525899BD400F1A022 /* CollectionViewController.swift in Sources */,
				4F65DE2B25889FC000BEE1C8 /* ViewController.swift in Sources */,
				4F2FDC9F2589A59500F1A022 /* MyTableCell.swift in Sources */,
				4F2FDC992589A49000F1A022 /* MyTableViewController.swift in Sources */,
				4F65DE492588AE7B00BEE1C8 /* DialViewController.swift in Sources */,
				4F65DE2725889FC000BEE1C8 /* AppDelegate.swift in Sources */,
				4F2FDCA22589AF4900F1A022 /* MyCollectionCell.swift in Sources */,
				4F65DE2925889FC000BEE1C8 /* SceneDelegate.swift in Sources */,
				4F65DE452588A63700BEE1C8 /* PostCell.swift in Sources */,
			);
			runOnlyForDeploymentPostprocessing = 0;
		};
/* End PBXSourcesBuildPhase section */

/* Begin PBXVariantGroup section */
		4F65DE2C25889FC000BEE1C8 /* Main.storyboard */ = {
			isa = PBXVariantGroup;
			children = (
				4F65DE2D25889FC000BEE1C8 /* Base */,
			);
			name = Main.storyboard;
			sourceTree = "<group>";
		};
		4F65DE3125889FC400BEE1C8 /* LaunchScreen.storyboard */ = {
			isa = PBXVariantGroup;
			children = (
				4F65DE3225889FC400BEE1C8 /* Base */,
			);
			name = LaunchScreen.storyboard;
			sourceTree = "<group>";
		};
/* End PBXVariantGroup section */

/* Begin XCBuildConfiguration section */
		4F65DE3525889FC400BEE1C8 /* Debug */ = {
			isa = XCBuildConfiguration;
			buildSettings = {
				ALWAYS_SEARCH_USER_PATHS = NO;
				CLANG_ANALYZER_NONNULL = YES;
				CLANG_ANALYZER_NUMBER_OBJECT_CONVERSION = YES_AGGRESSIVE;
				CLANG_CXX_LANGUAGE_STANDARD = "gnu++14";
				CLANG_CXX_LIBRARY = "libc++";
				CLANG_ENABLE_MODULES = YES;
				CLANG_ENABLE_OBJC_ARC = YES;
				CLANG_ENABLE_OBJC_WEAK = YES;
				CLANG_WARN_BLOCK_CAPTURE_AUTORELEASING = YES;
				CLANG_WARN_BOOL_CONVERSION = YES;
				CLANG_WARN_COMMA = YES;
				CLANG_WARN_CONSTANT_CONVERSION = YES;
				CLANG_WARN_DEPRECATED_OBJC_IMPLEMENTATIONS = YES;
				CLANG_WARN_DIRECT_OBJC_ISA_USAGE = YES_ERROR;
				CLANG_WARN_DOCUMENTATION_COMMENTS = YES;
				CLANG_WARN_EMPTY_BODY = YES;
				CLANG_WARN_ENUM_CONVERSION = YES;
				CLANG_WARN_INFINITE_RECURSION = YES;
				CLANG_WARN_INT_CONVERSION = YES;
				CLANG_WARN_NON_LITERAL_NULL_CONVERSION = YES;
				CLANG_WARN_OBJC_IMPLICIT_RETAIN_SELF = YES;
				CLANG_WARN_OBJC_LITERAL_CONVERSION = YES;
				CLANG_WARN_OBJC_ROOT_CLASS = YES_ERROR;
				CLANG_WARN_QUOTED_INCLUDE_IN_FRAMEWORK_HEADER = YES;
				CLANG_WARN_RANGE_LOOP_ANALYSIS = YES;
				CLANG_WARN_STRICT_PROTOTYPES = YES;
				CLANG_WARN_SUSPICIOUS_MOVE = YES;
				CLANG_WARN_UNGUARDED_AVAILABILITY = YES_AGGRESSIVE;
				CLANG_WARN_UNREACHABLE_CODE = YES;
				CLANG_WARN__DUPLICATE_METHOD_MATCH = YES;
				COPY_PHASE_STRIP = NO;
				DEBUG_INFORMATION_FORMAT = dwarf;
				ENABLE_STRICT_OBJC_MSGSEND = YES;
				ENABLE_TESTABILITY = YES;
				GCC_C_LANGUAGE_STANDARD = gnu11;
				GCC_DYNAMIC_NO_PIC = NO;
				GCC_NO_COMMON_BLOCKS = YES;
				GCC_OPTIMIZATION_LEVEL = 0;
				GCC_PREPROCESSOR_DEFINITIONS = (
					"DEBUG=1",
					"$(inherited)",
				);
				GCC_WARN_64_TO_32_BIT_CONVERSION = YES;
				GCC_WARN_ABOUT_RETURN_TYPE = YES_ERROR;
				GCC_WARN_UNDECLARED_SELECTOR = YES;
				GCC_WARN_UNINITIALIZED_AUTOS = YES_AGGRESSIVE;
				GCC_WARN_UNUSED_FUNCTION = YES;
				GCC_WARN_UNUSED_VARIABLE = YES;
				IPHONEOS_DEPLOYMENT_TARGET = 14.2;
				MTL_ENABLE_DEBUG_INFO = INCLUDE_SOURCE;
				MTL_FAST_MATH = YES;
				ONLY_ACTIVE_ARCH = YES;
				SDKROOT = iphoneos;
				SWIFT_ACTIVE_COMPILATION_CONDITIONS = DEBUG;
				SWIFT_OPTIMIZATION_LEVEL = "-Onone";
			};
			name = Debug;
		};
		4F65DE3625889FC400BEE1C8 /* Release */ = {
			isa = XCBuildConfiguration;
			buildSettings = {
				ALWAYS_SEARCH_USER_PATHS = NO;
				CLANG_ANALYZER_NONNULL = YES;
				CLANG_ANALYZER_NUMBER_OBJECT_CONVERSION = YES_AGGRESSIVE;
				CLANG_CXX_LANGUAGE_STANDARD = "gnu++14";
				CLANG_CXX_LIBRARY = "libc++";
				CLANG_ENABLE_MODULES = YES;
				CLANG_ENABLE_OBJC_ARC = YES;
				CLANG_ENABLE_OBJC_WEAK = YES;
				CLANG_WARN_BLOCK_CAPTURE_AUTORELEASING = YES;
				CLANG_WARN_BOOL_CONVERSION = YES;
				CLANG_WARN_COMMA = YES;
				CLANG_WARN_CONSTANT_CONVERSION = YES;
				CLANG_WARN_DEPRECATED_OBJC_IMPLEMENTATIONS = YES;
				CLANG_WARN_DIRECT_OBJC_ISA_USAGE = YES_ERROR;
				CLANG_WARN_DOCUMENTATION_COMMENTS = YES;
				CLANG_WARN_EMPTY_BODY = YES;
				CLANG_WARN_ENUM_CONVERSION = YES;
				CLANG_WARN_INFINITE_RECURSION = YES;
				CLANG_WARN_INT_CONVERSION = YES;
				CLANG_WARN_NON_LITERAL_NULL_CONVERSION = YES;
				CLANG_WARN_OBJC_IMPLICIT_RETAIN_SELF = YES;
				CLANG_WARN_OBJC_LITERAL_CONVERSION = YES;
				CLANG_WARN_OBJC_ROOT_CLASS = YES_ERROR;
				CLANG_WARN_QUOTED_INCLUDE_IN_FRAMEWORK_HEADER = YES;
				CLANG_WARN_RANGE_LOOP_ANALYSIS = YES;
				CLANG_WARN_STRICT_PROTOTYPES = YES;
				CLANG_WARN_SUSPICIOUS_MOVE = YES;
				CLANG_WARN_UNGUARDED_AVAILABILITY = YES_AGGRESSIVE;
				CLANG_WARN_UNREACHABLE_CODE = YES;
				CLANG_WARN__DUPLICATE_METHOD_MATCH = YES;
				COPY_PHASE_STRIP = NO;
				DEBUG_INFORMATION_FORMAT = "dwarf-with-dsym";
				ENABLE_NS_ASSERTIONS = NO;
				ENABLE_STRICT_OBJC_MSGSEND = YES;
				GCC_C_LANGUAGE_STANDARD = gnu11;
				GCC_NO_COMMON_BLOCKS = YES;
				GCC_WARN_64_TO_32_BIT_CONVERSION = YES;
				GCC_WARN_ABOUT_RETURN_TYPE = YES_ERROR;
				GCC_WARN_UNDECLARED_SELECTOR = YES;
				GCC_WARN_UNINITIALIZED_AUTOS = YES_AGGRESSIVE;
				GCC_WARN_UNUSED_FUNCTION = YES;
				GCC_WARN_UNUSED_VARIABLE = YES;
				IPHONEOS_DEPLOYMENT_TARGET = 14.2;
				MTL_ENABLE_DEBUG_INFO = NO;
				MTL_FAST_MATH = YES;
				SDKROOT = iphoneos;
				SWIFT_COMPILATION_MODE = wholemodule;
				SWIFT_OPTIMIZATION_LEVEL = "-O";
				VALIDATE_PRODUCT = YES;
			};
			name = Release;
		};
		4F65DE3825889FC400BEE1C8 /* Debug */ = {
			isa = XCBuildConfiguration;
			buildSettings = {
				ASSETCATALOG_COMPILER_APPICON_NAME = AppIcon;
				ASSETCATALOG_COMPILER_GLOBAL_ACCENT_COLOR_NAME = AccentColor;
				CODE_SIGN_STYLE = Automatic;
				INFOPLIST_FILE = AutolayoutStudy/Info.plist;
				LD_RUNPATH_SEARCH_PATHS = (
					"$(inherited)",
					"@executable_path/Frameworks",
				);
				PRODUCT_BUNDLE_IDENTIFIER = net.jaekyung.AutolayoutStudy;
				PRODUCT_NAME = "$(TARGET_NAME)";
				SWIFT_VERSION = 5.0;
				TARGETED_DEVICE_FAMILY = "1,2";
			};
			name = Debug;
		};
		4F65DE3925889FC400BEE1C8 /* Release */ = {
			isa = XCBuildConfiguration;
			buildSettings = {
				ASSETCATALOG_COMPILER_APPICON_NAME = AppIcon;
				ASSETCATALOG_COMPILER_GLOBAL_ACCENT_COLOR_NAME = AccentColor;
				CODE_SIGN_STYLE = Automatic;
				INFOPLIST_FILE = AutolayoutStudy/Info.plist;
				LD_RUNPATH_SEARCH_PATHS = (
					"$(inherited)",
					"@executable_path/Frameworks",
				);
				PRODUCT_BUNDLE_IDENTIFIER = net.jaekyung.AutolayoutStudy;
				PRODUCT_NAME = "$(TARGET_NAME)";
				SWIFT_VERSION = 5.0;
				TARGETED_DEVICE_FAMILY = "1,2";
			};
			name = Release;
		};
/* End XCBuildConfiguration section */

/* Begin XCConfigurationList section */
		4F65DE1E25889FC000BEE1C8 /* Build configuration list for PBXProject "AutolayoutStudy" */ = {
			isa = XCConfigurationList;
			buildConfigurations = (
				4F65DE3525889FC400BEE1C8 /* Debug */,
				4F65DE3625889FC400BEE1C8 /* Release */,
			);
			defaultConfigurationIsVisible = 0;
			defaultConfigurationName = Release;
		};
		4F65DE3725889FC400BEE1C8 /* Build configuration list for PBXNativeTarget "AutolayoutStudy" */ = {
			isa = XCConfigurationList;
			buildConfigurations = (
				4F65DE3825889FC400BEE1C8 /* Debug */,
				4F65DE3925889FC400BEE1C8 /* Release */,
			);
			defaultConfigurationIsVisible = 0;
			defaultConfigurationName = Release;
		};
/* End XCConfigurationList section */
	};
	rootObject = 4F65DE1B25889FC000BEE1C8 /* Project object */;
}
